// !$*UTF8*$!
{
	archiveVersion = 1;
	classes = {
	};
	objectVersion = 55;
	objects = {

/* Begin PBXBuildFile section */
		7F128D64283D4A2200143BB2 /* AppDelegate.swift in Sources */ = {isa = PBXBuildFile; fileRef = 7F128D63283D4A2200143BB2 /* AppDelegate.swift */; };
		7F128D66283D4A2200143BB2 /* SceneDelegate.swift in Sources */ = {isa = PBXBuildFile; fileRef = 7F128D65283D4A2200143BB2 /* SceneDelegate.swift */; };
		7F128D68283D4A2200143BB2 /* ViewController.swift in Sources */ = {isa = PBXBuildFile; fileRef = 7F128D67283D4A2200143BB2 /* ViewController.swift */; };
		7F128D6B283D4A2200143BB2 /* Main.storyboard in Resources */ = {isa = PBXBuildFile; fileRef = 7F128D69283D4A2200143BB2 /* Main.storyboard */; };
		7F128D6E283D4A2200143BB2 /* IPL.xcdatamodeld in Sources */ = {isa = PBXBuildFile; fileRef = 7F128D6C283D4A2200143BB2 /* IPL.xcdatamodeld */; };
		7F128D70283D4A2800143BB2 /* Assets.xcassets in Resources */ = {isa = PBXBuildFile; fileRef = 7F128D6F283D4A2800143BB2 /* Assets.xcassets */; };
		7F128D73283D4A2800143BB2 /* LaunchScreen.storyboard in Resources */ = {isa = PBXBuildFile; fileRef = 7F128D71283D4A2800143BB2 /* LaunchScreen.storyboard */; };
		7F128D7E283D4A2900143BB2 /* IPLTests.swift in Sources */ = {isa = PBXBuildFile; fileRef = 7F128D7D283D4A2900143BB2 /* IPLTests.swift */; };
		7F128D88283D4A2900143BB2 /* IPLUITests.swift in Sources */ = {isa = PBXBuildFile; fileRef = 7F128D87283D4A2900143BB2 /* IPLUITests.swift */; };
		7F128D8A283D4A2900143BB2 /* IPLUITestsLaunchTests.swift in Sources */ = {isa = PBXBuildFile; fileRef = 7F128D89283D4A2900143BB2 /* IPLUITestsLaunchTests.swift */; };
		7F128D97283D4E7500143BB2 /* ResponseController.swift in Sources */ = {isa = PBXBuildFile; fileRef = 7F128D96283D4E7500143BB2 /* ResponseController.swift */; };
/* End PBXBuildFile section */

/* Begin PBXContainerItemProxy section */
		7F128D7A283D4A2900143BB2 /* PBXContainerItemProxy */ = {
			isa = PBXContainerItemProxy;
			containerPortal = 7F128D58283D4A2100143BB2 /* Project object */;
			proxyType = 1;
			remoteGlobalIDString = 7F128D5F283D4A2200143BB2;
			remoteInfo = IPL;
		};
		7F128D84283D4A2900143BB2 /* PBXContainerItemProxy */ = {
			isa = PBXContainerItemProxy;
			containerPortal = 7F128D58283D4A2100143BB2 /* Project object */;
			proxyType = 1;
			remoteGlobalIDString = 7F128D5F283D4A2200143BB2;
			remoteInfo = IPL;
		};
/* End PBXContainerItemProxy section */

/* Begin PBXFileReference section */
		7F128D60283D4A2200143BB2 /* IPL.app */ = {isa = PBXFileReference; explicitFileType = wrapper.application; includeInIndex = 0; path = IPL.app; sourceTree = BUILT_PRODUCTS_DIR; };
		7F128D63283D4A2200143BB2 /* AppDelegate.swift */ = {isa = PBXFileReference; lastKnownFileType = sourcecode.swift; path = AppDelegate.swift; sourceTree = "<group>"; };
		7F128D65283D4A2200143BB2 /* SceneDelegate.swift */ = {isa = PBXFileReference; lastKnownFileType = sourcecode.swift; path = SceneDelegate.swift; sourceTree = "<group>"; };
		7F128D67283D4A2200143BB2 /* ViewController.swift */ = {isa = PBXFileReference; lastKnownFileType = sourcecode.swift; path = ViewController.swift; sourceTree = "<group>"; };
		7F128D6A283D4A2200143BB2 /* Base */ = {isa = PBXFileReference; lastKnownFileType = file.storyboard; name = Base; path = Base.lproj/Main.storyboard; sourceTree = "<group>"; };
		7F128D6D283D4A2200143BB2 /* IPL.xcdatamodel */ = {isa = PBXFileReference; lastKnownFileType = wrapper.xcdatamodel; path = IPL.xcdatamodel; sourceTree = "<group>"; };
		7F128D6F283D4A2800143BB2 /* Assets.xcassets */ = {isa = PBXFileReference; lastKnownFileType = folder.assetcatalog; path = Assets.xcassets; sourceTree = "<group>"; };
		7F128D72283D4A2800143BB2 /* Base */ = {isa = PBXFileReference; lastKnownFileType = file.storyboard; name = Base; path = Base.lproj/LaunchScreen.storyboard; sourceTree = "<group>"; };
		7F128D74283D4A2800143BB2 /* Info.plist */ = {isa = PBXFileReference; lastKnownFileType = text.plist.xml; path = Info.plist; sourceTree = "<group>"; };
		7F128D79283D4A2900143BB2 /* IPLTests.xctest */ = {isa = PBXFileReference; explicitFileType = wrapper.cfbundle; includeInIndex = 0; path = IPLTests.xctest; sourceTree = BUILT_PRODUCTS_DIR; };
		7F128D7D283D4A2900143BB2 /* IPLTests.swift */ = {isa = PBXFileReference; lastKnownFileType = sourcecode.swift; path = IPLTests.swift; sourceTree = "<group>"; };
		7F128D83283D4A2900143BB2 /* IPLUITests.xctest */ = {isa = PBXFileReference; explicitFileType = wrapper.cfbundle; includeInIndex = 0; path = IPLUITests.xctest; sourceTree = BUILT_PRODUCTS_DIR; };
		7F128D87283D4A2900143BB2 /* IPLUITests.swift */ = {isa = PBXFileReference; lastKnownFileType = sourcecode.swift; path = IPLUITests.swift; sourceTree = "<group>"; };
		7F128D89283D4A2900143BB2 /* IPLUITestsLaunchTests.swift */ = {isa = PBXFileReference; lastKnownFileType = sourcecode.swift; path = IPLUITestsLaunchTests.swift; sourceTree = "<group>"; };
		7F128D96283D4E7500143BB2 /* ResponseController.swift */ = {isa = PBXFileReference; lastKnownFileType = sourcecode.swift; path = ResponseController.swift; sourceTree = "<group>"; };
/* End PBXFileReference section */

/* Begin PBXFrameworksBuildPhase section */
		7F128D5D283D4A2200143BB2 /* Frameworks */ = {
			isa = PBXFrameworksBuildPhase;
			buildActionMask = 2147483647;
			files = (
			);
			runOnlyForDeploymentPostprocessing = 0;
		};
		7F128D76283D4A2900143BB2 /* Frameworks */ = {
			isa = PBXFrameworksBuildPhase;
			buildActionMask = 2147483647;
			files = (
			);
			runOnlyForDeploymentPostprocessing = 0;
		};
		7F128D80283D4A2900143BB2 /* Frameworks */ = {
			isa = PBXFrameworksBuildPhase;
			buildActionMask = 2147483647;
			files = (
			);
			runOnlyForDeploymentPostprocessing = 0;
		};
/* End PBXFrameworksBuildPhase section */

/* Begin PBXGroup section */
		7F128D57283D4A2100143BB2 = {
			isa = PBXGroup;
			children = (
				7F128D62283D4A2200143BB2 /* IPL */,
				7F128D7C283D4A2900143BB2 /* IPLTests */,
				7F128D86283D4A2900143BB2 /* IPLUITests */,
				7F128D61283D4A2200143BB2 /* Products */,
			);
			sourceTree = "<group>";
		};
		7F128D61283D4A2200143BB2 /* Products */ = {
			isa = PBXGroup;
			children = (
				7F128D60283D4A2200143BB2 /* IPL.app */,
				7F128D79283D4A2900143BB2 /* IPLTests.xctest */,
				7F128D83283D4A2900143BB2 /* IPLUITests.xctest */,
			);
			name = Products;
			sourceTree = "<group>";
		};
		7F128D62283D4A2200143BB2 /* IPL */ = {
			isa = PBXGroup;
			children = (
				7F128D63283D4A2200143BB2 /* AppDelegate.swift */,
				7F128D65283D4A2200143BB2 /* SceneDelegate.swift */,
				7F128D67283D4A2200143BB2 /* ViewController.swift */,
				7F128D69283D4A2200143BB2 /* Main.storyboard */,
				7F128D96283D4E7500143BB2 /* ResponseController.swift */,
				7F128D6F283D4A2800143BB2 /* Assets.xcassets */,
				7F128D71283D4A2800143BB2 /* LaunchScreen.storyboard */,
				7F128D74283D4A2800143BB2 /* Info.plist */,
				7F128D6C283D4A2200143BB2 /* IPL.xcdatamodeld */,
			);
			path = IPL;
			sourceTree = "<group>";
		};
		7F128D7C283D4A2900143BB2 /* IPLTests */ = {
			isa = PBXGroup;
			children = (
				7F128D7D283D4A2900143BB2 /* IPLTests.swift */,
			);
			path = IPLTests;
			sourceTree = "<group>";
		};
		7F128D86283D4A2900143BB2 /* IPLUITests */ = {
			isa = PBXGroup;
			children = (
				7F128D87283D4A2900143BB2 /* IPLUITests.swift */,
				7F128D89283D4A2900143BB2 /* IPLUITestsLaunchTests.swift */,
			);
			path = IPLUITests;
			sourceTree = "<group>";
		};
/* End PBXGroup section */

/* Begin PBXNativeTarget section */
		7F128D5F283D4A2200143BB2 /* IPL */ = {
			isa = PBXNativeTarget;
			buildConfigurationList = 7F128D8D283D4A2900143BB2 /* Build configuration list for PBXNativeTarget "IPL" */;
			buildPhases = (
				7F128D5C283D4A2200143BB2 /* Sources */,
				7F128D5D283D4A2200143BB2 /* Frameworks */,
				7F128D5E283D4A2200143BB2 /* Resources */,
			);
			buildRules = (
			);
			dependencies = (
			);
			name = IPL;
			productName = IPL;
			productReference = 7F128D60283D4A2200143BB2 /* IPL.app */;
			productType = "com.apple.product-type.application";
		};
		7F128D78283D4A2900143BB2 /* IPLTests */ = {
			isa = PBXNativeTarget;
			buildConfigurationList = 7F128D90283D4A2900143BB2 /* Build configuration list for PBXNativeTarget "IPLTests" */;
			buildPhases = (
				7F128D75283D4A2900143BB2 /* Sources */,
				7F128D76283D4A2900143BB2 /* Frameworks */,
				7F128D77283D4A2900143BB2 /* Resources */,
			);
			buildRules = (
			);
			dependencies = (
				7F128D7B283D4A2900143BB2 /* PBXTargetDependency */,
			);
			name = IPLTests;
			productName = IPLTests;
			productReference = 7F128D79283D4A2900143BB2 /* IPLTests.xctest */;
			productType = "com.apple.product-type.bundle.unit-test";
		};
		7F128D82283D4A2900143BB2 /* IPLUITests */ = {
			isa = PBXNativeTarget;
			buildConfigurationList = 7F128D93283D4A2900143BB2 /* Build configuration list for PBXNativeTarget "IPLUITests" */;
			buildPhases = (
				7F128D7F283D4A2900143BB2 /* Sources */,
				7F128D80283D4A2900143BB2 /* Frameworks */,
				7F128D81283D4A2900143BB2 /* Resources */,
			);
			buildRules = (
			);
			dependencies = (
				7F128D85283D4A2900143BB2 /* PBXTargetDependency */,
			);
			name = IPLUITests;
			productName = IPLUITests;
			productReference = 7F128D83283D4A2900143BB2 /* IPLUITests.xctest */;
			productType = "com.apple.product-type.bundle.ui-testing";
		};
/* End PBXNativeTarget section */

/* Begin PBXProject section */
		7F128D58283D4A2100143BB2 /* Project object */ = {
			isa = PBXProject;
			attributes = {
				BuildIndependentTargetsInParallel = 1;
				LastSwiftUpdateCheck = 1310;
				LastUpgradeCheck = 1310;
				TargetAttributes = {
					7F128D5F283D4A2200143BB2 = {
						CreatedOnToolsVersion = 13.1;
					};
					7F128D78283D4A2900143BB2 = {
						CreatedOnToolsVersion = 13.1;
						TestTargetID = 7F128D5F283D4A2200143BB2;
					};
					7F128D82283D4A2900143BB2 = {
						CreatedOnToolsVersion = 13.1;
						TestTargetID = 7F128D5F283D4A2200143BB2;
					};
				};
			};
			buildConfigurationList = 7F128D5B283D4A2100143BB2 /* Build configuration list for PBXProject "IPL" */;
			compatibilityVersion = "Xcode 13.0";
			developmentRegion = en;
			hasScannedForEncodings = 0;
			knownRegions = (
				en,
				Base,
			);
			mainGroup = 7F128D57283D4A2100143BB2;
			productRefGroup = 7F128D61283D4A2200143BB2 /* Products */;
			projectDirPath = "";
			projectRoot = "";
			targets = (
				7F128D5F283D4A2200143BB2 /* IPL */,
				7F128D78283D4A2900143BB2 /* IPLTests */,
				7F128D82283D4A2900143BB2 /* IPLUITests */,
			);
		};
/* End PBXProject section */

/* Begin PBXResourcesBuildPhase section */
		7F128D5E283D4A2200143BB2 /* Resources */ = {
			isa = PBXResourcesBuildPhase;
			buildActionMask = 2147483647;
			files = (
				7F128D73283D4A2800143BB2 /* LaunchScreen.storyboard in Resources */,
				7F128D70283D4A2800143BB2 /* Assets.xcassets in Resources */,
				7F128D6B283D4A2200143BB2 /* Main.storyboard in Resources */,
			);
			runOnlyForDeploymentPostprocessing = 0;
		};
		7F128D77283D4A2900143BB2 /* Resources */ = {
			isa = PBXResourcesBuildPhase;
			buildActionMask = 2147483647;
			files = (
			);
			runOnlyForDeploymentPostprocessing = 0;
		};
		7F128D81283D4A2900143BB2 /* Resources */ = {
			isa = PBXResourcesBuildPhase;
			buildActionMask = 2147483647;
			files = (
			);
			runOnlyForDeploymentPostprocessing = 0;
		};
/* End PBXResourcesBuildPhase section */

/* Begin PBXSourcesBuildPhase section */
		7F128D5C283D4A2200143BB2 /* Sources */ = {
			isa = PBXSourcesBuildPhase;
			buildActionMask = 2147483647;
			files = (
				7F128D68283D4A2200143BB2 /* ViewController.swift in Sources */,
				7F128D6E283D4A2200143BB2 /* IPL.xcdatamodeld in Sources */,
				7F128D97283D4E7500143BB2 /* ResponseController.swift in Sources */,
				7F128D64283D4A2200143BB2 /* AppDelegate.swift in Sources */,
				7F128D66283D4A2200143BB2 /* SceneDelegate.swift in Sources */,
			);
			runOnlyForDeploymentPostprocessing = 0;
		};
		7F128D75283D4A2900143BB2 /* Sources */ = {
			isa = PBXSourcesBuildPhase;
			buildActionMask = 2147483647;
			files = (
				7F128D7E283D4A2900143BB2 /* IPLTests.swift in Sources */,
			);
			runOnlyForDeploymentPostprocessing = 0;
		};
		7F128D7F283D4A2900143BB2 /* Sources */ = {
			isa = PBXSourcesBuildPhase;
			buildActionMask = 2147483647;
			files = (
				7F128D8A283D4A2900143BB2 /* IPLUITestsLaunchTests.swift in Sources */,
				7F128D88283D4A2900143BB2 /* IPLUITests.swift in Sources */,
			);
			runOnlyForDeploymentPostprocessing = 0;
		};
/* End PBXSourcesBuildPhase section */

/* Begin PBXTargetDependency section */
		7F128D7B283D4A2900143BB2 /* PBXTargetDependency */ = {
			isa = PBXTargetDependency;
			target = 7F128D5F283D4A2200143BB2 /* IPL */;
			targetProxy = 7F128D7A283D4A2900143BB2 /* PBXContainerItemProxy */;
		};
		7F128D85283D4A2900143BB2 /* PBXTargetDependency */ = {
			isa = PBXTargetDependency;
			target = 7F128D5F283D4A2200143BB2 /* IPL */;
			targetProxy = 7F128D84283D4A2900143BB2 /* PBXContainerItemProxy */;
		};
/* End PBXTargetDependency section */

/* Begin PBXVariantGroup section */
		7F128D69283D4A2200143BB2 /* Main.storyboard */ = {
			isa = PBXVariantGroup;
			children = (
				7F128D6A283D4A2200143BB2 /* Base */,
			);
			name = Main.storyboard;
			sourceTree = "<group>";
		};
		7F128D71283D4A2800143BB2 /* LaunchScreen.storyboard */ = {
			isa = PBXVariantGroup;
			children = (
				7F128D72283D4A2800143BB2 /* Base */,
			);
			name = LaunchScreen.storyboard;
			sourceTree = "<group>";
		};
/* End PBXVariantGroup section */

/* Begin XCBuildConfiguration section */
		7F128D8B283D4A2900143BB2 /* Debug */ = {
			isa = XCBuildConfiguration;
			buildSettings = {
				ALWAYS_SEARCH_USER_PATHS = NO;
				CLANG_ANALYZER_NONNULL = YES;
				CLANG_ANALYZER_NUMBER_OBJECT_CONVERSION = YES_AGGRESSIVE;
				CLANG_CXX_LANGUAGE_STANDARD = "gnu++17";
				CLANG_CXX_LIBRARY = "libc++";
				CLANG_ENABLE_MODULES = YES;
				CLANG_ENABLE_OBJC_ARC = YES;
				CLANG_ENABLE_OBJC_WEAK = YES;
				CLANG_WARN_BLOCK_CAPTURE_AUTORELEASING = YES;
				CLANG_WARN_BOOL_CONVERSION = YES;
				CLANG_WARN_COMMA = YES;
				CLANG_WARN_CONSTANT_CONVERSION = YES;
				CLANG_WARN_DEPRECATED_OBJC_IMPLEMENTATIONS = YES;
				CLANG_WARN_DIRECT_OBJC_ISA_USAGE = YES_ERROR;
				CLANG_WARN_DOCUMENTATION_COMMENTS = YES;
				CLANG_WARN_EMPTY_BODY = YES;
				CLANG_WARN_ENUM_CONVERSION = YES;
				CLANG_WARN_INFINITE_RECURSION = YES;
				CLANG_WARN_INT_CONVERSION = YES;
				CLANG_WARN_NON_LITERAL_NULL_CONVERSION = YES;
				CLANG_WARN_OBJC_IMPLICIT_RETAIN_SELF = YES;
				CLANG_WARN_OBJC_LITERAL_CONVERSION = YES;
				CLANG_WARN_OBJC_ROOT_CLASS = YES_ERROR;
				CLANG_WARN_QUOTED_INCLUDE_IN_FRAMEWORK_HEADER = YES;
				CLANG_WARN_RANGE_LOOP_ANALYSIS = YES;
				CLANG_WARN_STRICT_PROTOTYPES = YES;
				CLANG_WARN_SUSPICIOUS_MOVE = YES;
				CLANG_WARN_UNGUARDED_AVAILABILITY = YES_AGGRESSIVE;
				CLANG_WARN_UNREACHABLE_CODE = YES;
				CLANG_WARN__DUPLICATE_METHOD_MATCH = YES;
				COPY_PHASE_STRIP = NO;
				DEBUG_INFORMATION_FORMAT = dwarf;
				ENABLE_STRICT_OBJC_MSGSEND = YES;
				ENABLE_TESTABILITY = YES;
				GCC_C_LANGUAGE_STANDARD = gnu11;
				GCC_DYNAMIC_NO_PIC = NO;
				GCC_NO_COMMON_BLOCKS = YES;
				GCC_OPTIMIZATION_LEVEL = 0;
				GCC_PREPROCESSOR_DEFINITIONS = (
					"DEBUG=1",
					"$(inherited)",
				);
				GCC_WARN_64_TO_32_BIT_CONVERSION = YES;
				GCC_WARN_ABOUT_RETURN_TYPE = YES_ERROR;
				GCC_WARN_UNDECLARED_SELECTOR = YES;
				GCC_WARN_UNINITIALIZED_AUTOS = YES_AGGRESSIVE;
				GCC_WARN_UNUSED_FUNCTION = YES;
				GCC_WARN_UNUSED_VARIABLE = YES;
				IPHONEOS_DEPLOYMENT_TARGET = 15.0;
				MTL_ENABLE_DEBUG_INFO = INCLUDE_SOURCE;
				MTL_FAST_MATH = YES;
				ONLY_ACTIVE_ARCH = YES;
				SDKROOT = iphoneos;
				SWIFT_ACTIVE_COMPILATION_CONDITIONS = DEBUG;
				SWIFT_OPTIMIZATION_LEVEL = "-Onone";
			};
			name = Debug;
		};
		7F128D8C283D4A2900143BB2 /* Release */ = {
			isa = XCBuildConfiguration;
			buildSettings = {
				ALWAYS_SEARCH_USER_PATHS = NO;
				CLANG_ANALYZER_NONNULL = YES;
				CLANG_ANALYZER_NUMBER_OBJECT_CONVERSION = YES_AGGRESSIVE;
				CLANG_CXX_LANGUAGE_STANDARD = "gnu++17";
				CLANG_CXX_LIBRARY = "libc++";
				CLANG_ENABLE_MODULES = YES;
				CLANG_ENABLE_OBJC_ARC = YES;
				CLANG_ENABLE_OBJC_WEAK = YES;
				CLANG_WARN_BLOCK_CAPTURE_AUTORELEASING = YES;
				CLANG_WARN_BOOL_CONVERSION = YES;
				CLANG_WARN_COMMA = YES;
				CLANG_WARN_CONSTANT_CONVERSION = YES;
				CLANG_WARN_DEPRECATED_OBJC_IMPLEMENTATIONS = YES;
				CLANG_WARN_DIRECT_OBJC_ISA_USAGE = YES_ERROR;
				CLANG_WARN_DOCUMENTATION_COMMENTS = YES;
				CLANG_WARN_EMPTY_BODY = YES;
				CLANG_WARN_ENUM_CONVERSION = YES;
				CLANG_WARN_INFINITE_RECURSION = YES;
				CLANG_WARN_INT_CONVERSION = YES;
				CLANG_WARN_NON_LITERAL_NULL_CONVERSION = YES;
				CLANG_WARN_OBJC_IMPLICIT_RETAIN_SELF = YES;
				CLANG_WARN_OBJC_LITERAL_CONVERSION = YES;
				CLANG_WARN_OBJC_ROOT_CLASS = YES_ERROR;
				CLANG_WARN_QUOTED_INCLUDE_IN_FRAMEWORK_HEADER = YES;
				CLANG_WARN_RANGE_LOOP_ANALYSIS = YES;
				CLANG_WARN_STRICT_PROTOTYPES = YES;
				CLANG_WARN_SUSPICIOUS_MOVE = YES;
				CLANG_WARN_UNGUARDED_AVAILABILITY = YES_AGGRESSIVE;
				CLANG_WARN_UNREACHABLE_CODE = YES;
				CLANG_WARN__DUPLICATE_METHOD_MATCH = YES;
				COPY_PHASE_STRIP = NO;
				DEBUG_INFORMATION_FORMAT = "dwarf-with-dsym";
				ENABLE_NS_ASSERTIONS = NO;
				ENABLE_STRICT_OBJC_MSGSEND = YES;
				GCC_C_LANGUAGE_STANDARD = gnu11;
				GCC_NO_COMMON_BLOCKS = YES;
				GCC_WARN_64_TO_32_BIT_CONVERSION = YES;
				GCC_WARN_ABOUT_RETURN_TYPE = YES_ERROR;
				GCC_WARN_UNDECLARED_SELECTOR = YES;
				GCC_WARN_UNINITIALIZED_AUTOS = YES_AGGRESSIVE;
				GCC_WARN_UNUSED_FUNCTION = YES;
				GCC_WARN_UNUSED_VARIABLE = YES;
				IPHONEOS_DEPLOYMENT_TARGET = 15.0;
				MTL_ENABLE_DEBUG_INFO = NO;
				MTL_FAST_MATH = YES;
				SDKROOT = iphoneos;
				SWIFT_COMPILATION_MODE = wholemodule;
				SWIFT_OPTIMIZATION_LEVEL = "-O";
				VALIDATE_PRODUCT = YES;
			};
			name = Release;
		};
		7F128D8E283D4A2900143BB2 /* Debug */ = {
			isa = XCBuildConfiguration;
			buildSettings = {
				ASSETCATALOG_COMPILER_APPICON_NAME = AppIcon;
				ASSETCATALOG_COMPILER_GLOBAL_ACCENT_COLOR_NAME = AccentColor;
				CODE_SIGN_STYLE = Automatic;
				CURRENT_PROJECT_VERSION = 1;
				DEVELOPMENT_TEAM = 7S3D6V9R36;
				GENERATE_INFOPLIST_FILE = YES;
				INFOPLIST_FILE = IPL/Info.plist;
				INFOPLIST_KEY_UIApplicationSupportsIndirectInputEvents = YES;
				INFOPLIST_KEY_UILaunchStoryboardName = LaunchScreen;
				INFOPLIST_KEY_UIMainStoryboardFile = Main;
				INFOPLIST_KEY_UISupportedInterfaceOrientations_iPad = "UIInterfaceOrientationPortrait UIInterfaceOrientationPortraitUpsideDown UIInterfaceOrientationLandscapeLeft UIInterfaceOrientationLandscapeRight";
				INFOPLIST_KEY_UISupportedInterfaceOrientations_iPhone = "UIInterfaceOrientationPortrait UIInterfaceOrientationLandscapeLeft UIInterfaceOrientationLandscapeRight";
				IPHONEOS_DEPLOYMENT_TARGET = 15.0;
				LD_RUNPATH_SEARCH_PATHS = (
					"$(inherited)",
					"@executable_path/Frameworks",
				);
				MARKETING_VERSION = 1.0;
				PRODUCT_BUNDLE_IDENTIFIER = umesh.IPL;
				PRODUCT_NAME = "$(TARGET_NAME)";
				SWIFT_EMIT_LOC_STRINGS = YES;
				SWIFT_VERSION = 5.0;
				TARGETED_DEVICE_FAMILY = "1,2";
			};
			name = Debug;
		};
		7F128D8F283D4A2900143BB2 /* Release */ = {
			isa = XCBuildConfiguration;
			buildSettings = {
				ASSETCATALOG_COMPILER_APPICON_NAME = AppIcon;
				ASSETCATALOG_COMPILER_GLOBAL_ACCENT_COLOR_NAME = AccentColor;
				CODE_SIGN_STYLE = Automatic;
				CURRENT_PROJECT_VERSION = 1;
				DEVELOPMENT_TEAM = 7S3D6V9R36;
				GENERATE_INFOPLIST_FILE = YES;
				INFOPLIST_FILE = IPL/Info.plist;
				INFOPLIST_KEY_UIApplicationSupportsIndirectInputEvents = YES;
				INFOPLIST_KEY_UILaunchStoryboardName = LaunchScreen;
				INFOPLIST_KEY_UIMainStoryboardFile = Main;
				INFOPLIST_KEY_UISupportedInterfaceOrientations_iPad = "UIInterfaceOrientationPortrait UIInterfaceOrientationPortraitUpsideDown UIInterfaceOrientationLandscapeLeft UIInterfaceOrientationLandscapeRight";
				INFOPLIST_KEY_UISupportedInterfaceOrientations_iPhone = "UIInterfaceOrientationPortrait UIInterfaceOrientationLandscapeLeft UIInterfaceOrientationLandscapeRight";
				IPHONEOS_DEPLOYMENT_TARGET = 15.0;
				LD_RUNPATH_SEARCH_PATHS = (
					"$(inherited)",
					"@executable_path/Frameworks",
				);
				MARKETING_VERSION = 1.0;
				PRODUCT_BUNDLE_IDENTIFIER = umesh.IPL;
				PRODUCT_NAME = "$(TARGET_NAME)";
				SWIFT_EMIT_LOC_STRINGS = YES;
				SWIFT_VERSION = 5.0;
				TARGETED_DEVICE_FAMILY = "1,2";
			};
			name = Release;
		};
		7F128D91283D4A2900143BB2 /* Debug */ = {
			isa = XCBuildConfiguration;
			buildSettings = {
				ALWAYS_EMBED_SWIFT_STANDARD_LIBRARIES = YES;
				BUNDLE_LOADER = "$(TEST_HOST)";
				CODE_SIGN_STYLE = Automatic;
				CURRENT_PROJECT_VERSION = 1;
				GENERATE_INFOPLIST_FILE = YES;
				IPHONEOS_DEPLOYMENT_TARGET = 15.0;
				LD_RUNPATH_SEARCH_PATHS = (
					"$(inherited)",
					"@executable_path/Frameworks",
					"@loader_path/Frameworks",
				);
				MARKETING_VERSION = 1.0;
				PRODUCT_BUNDLE_IDENTIFIER = umesh.IPLTests;
				PRODUCT_NAME = "$(TARGET_NAME)";
				SWIFT_EMIT_LOC_STRINGS = NO;
				SWIFT_VERSION = 5.0;
				TARGETED_DEVICE_FAMILY = "1,2";
				TEST_HOST = "$(BUILT_PRODUCTS_DIR)/IPL.app/IPL";
			};
			name = Debug;
		};
		7F128D92283D4A2900143BB2 /* Release */ = {
			isa = XCBuildConfiguration;
			buildSettings = {
				ALWAYS_EMBED_SWIFT_STANDARD_LIBRARIES = YES;
				BUNDLE_LOADER = "$(TEST_HOST)";
				CODE_SIGN_STYLE = Automatic;
				CURRENT_PROJECT_VERSION = 1;
				GENERATE_INFOPLIST_FILE = YES;
				IPHONEOS_DEPLOYMENT_TARGET = 15.0;
				LD_RUNPATH_SEARCH_PATHS = (
					"$(inherited)",
					"@executable_path/Frameworks",
					"@loader_path/Frameworks",
				);
				MARKETING_VERSION = 1.0;
				PRODUCT_BUNDLE_IDENTIFIER = umesh.IPLTests;
				PRODUCT_NAME = "$(TARGET_NAME)";
				SWIFT_EMIT_LOC_STRINGS = NO;
				SWIFT_VERSION = 5.0;
				TARGETED_DEVICE_FAMILY = "1,2";
				TEST_HOST = "$(BUILT_PRODUCTS_DIR)/IPL.app/IPL";
			};
			name = Release;
		};
		7F128D94283D4A2900143BB2 /* Debug */ = {
			isa = XCBuildConfiguration;
			buildSettings = {
				ALWAYS_EMBED_SWIFT_STANDARD_LIBRARIES = YES;
				CODE_SIGN_STYLE = Automatic;
				CURRENT_PROJECT_VERSION = 1;
				GENERATE_INFOPLIST_FILE = YES;
				LD_RUNPATH_SEARCH_PATHS = (
					"$(inherited)",
					"@executable_path/Frameworks",
					"@loader_path/Frameworks",
				);
				MARKETING_VERSION = 1.0;
				PRODUCT_BUNDLE_IDENTIFIER = umesh.IPLUITests;
				PRODUCT_NAME = "$(TARGET_NAME)";
				SWIFT_EMIT_LOC_STRINGS = NO;
				SWIFT_VERSION = 5.0;
				TARGETED_DEVICE_FAMILY = "1,2";
				TEST_TARGET_NAME = IPL;
			};
			name = Debug;
		};
		7F128D95283D4A2900143BB2 /* Release */ = {
			isa = XCBuildConfiguration;
			buildSettings = {
				ALWAYS_EMBED_SWIFT_STANDARD_LIBRARIES = YES;
				CODE_SIGN_STYLE = Automatic;
				CURRENT_PROJECT_VERSION = 1;
				GENERATE_INFOPLIST_FILE = YES;
				LD_RUNPATH_SEARCH_PATHS = (
					"$(inherited)",
					"@executable_path/Frameworks",
					"@loader_path/Frameworks",
				);
				MARKETING_VERSION = 1.0;
				PRODUCT_BUNDLE_IDENTIFIER = umesh.IPLUITests;
				PRODUCT_NAME = "$(TARGET_NAME)";
				SWIFT_EMIT_LOC_STRINGS = NO;
				SWIFT_VERSION = 5.0;
				TARGETED_DEVICE_FAMILY = "1,2";
				TEST_TARGET_NAME = IPL;
			};
			name = Release;
		};
/* End XCBuildConfiguration section */

/* Begin XCConfigurationList section */
		7F128D5B283D4A2100143BB2 /* Build configuration list for PBXProject "IPL" */ = {
			isa = XCConfigurationList;
			buildConfigurations = (
				7F128D8B283D4A2900143BB2 /* Debug */,
				7F128D8C283D4A2900143BB2 /* Release */,
			);
			defaultConfigurationIsVisible = 0;
			defaultConfigurationName = Release;
		};
		7F128D8D283D4A2900143BB2 /* Build configuration list for PBXNativeTarget "IPL" */ = {
			isa = XCConfigurationList;
			buildConfigurations = (
				7F128D8E283D4A2900143BB2 /* Debug */,
				7F128D8F283D4A2900143BB2 /* Release */,
			);
			defaultConfigurationIsVisible = 0;
			defaultConfigurationName = Release;
		};
		7F128D90283D4A2900143BB2 /* Build configuration list for PBXNativeTarget "IPLTests" */ = {
			isa = XCConfigurationList;
			buildConfigurations = (
				7F128D91283D4A2900143BB2 /* Debug */,
				7F128D92283D4A2900143BB2 /* Release */,
			);
			defaultConfigurationIsVisible = 0;
			defaultConfigurationName = Release;
		};
		7F128D93283D4A2900143BB2 /* Build configuration list for PBXNativeTarget "IPLUITests" */ = {
			isa = XCConfigurationList;
			buildConfigurations = (
				7F128D94283D4A2900143BB2 /* Debug */,
				7F128D95283D4A2900143BB2 /* Release */,
			);
			defaultConfigurationIsVisible = 0;
			defaultConfigurationName = Release;
		};
/* End XCConfigurationList section */

/* Begin XCVersionGroup section */
		7F128D6C283D4A2200143BB2 /* IPL.xcdatamodeld */ = {
			isa = XCVersionGroup;
			children = (
				7F128D6D283D4A2200143BB2 /* IPL.xcdatamodel */,
			);
			currentVersion = 7F128D6D283D4A2200143BB2 /* IPL.xcdatamodel */;
			path = IPL.xcdatamodeld;
			sourceTree = "<group>";
			versionGroupType = wrapper.xcdatamodel;
		};
/* End XCVersionGroup section */
	};
	rootObject = 7F128D58283D4A2100143BB2 /* Project object */;
}
